// !$*UTF8*$!
{
	archiveVersion = 1;
	classes = {
	};
	objectVersion = 46;
	objects = {

/* Begin PBXBuildFile section */
		42134CAA1A5E5CEB0009BDEE /* main.m in Sources */ = {isa = PBXBuildFile; fileRef = 42134CA91A5E5CEB0009BDEE /* main.m */; };
		42134CAD1A5E5CEB0009BDEE /* AppDelegate.m in Sources */ = {isa = PBXBuildFile; fileRef = 42134CAC1A5E5CEB0009BDEE /* AppDelegate.m */; };
		42134CB01A5E5CEB0009BDEE /* ViewController.m in Sources */ = {isa = PBXBuildFile; fileRef = 42134CAF1A5E5CEB0009BDEE /* ViewController.m */; };
		42134CB31A5E5CEB0009BDEE /* Main.storyboard in Resources */ = {isa = PBXBuildFile; fileRef = 42134CB11A5E5CEB0009BDEE /* Main.storyboard */; };
		42134CB51A5E5CEB0009BDEE /* Images.xcassets in Resources */ = {isa = PBXBuildFile; fileRef = 42134CB41A5E5CEB0009BDEE /* Images.xcassets */; };
		42134CB81A5E5CEB0009BDEE /* LaunchScreen.xib in Resources */ = {isa = PBXBuildFile; fileRef = 42134CB61A5E5CEB0009BDEE /* LaunchScreen.xib */; };
		42134CC41A5E5CEB0009BDEE /* OTDeallocHandlerDemoTests.m in Sources */ = {isa = PBXBuildFile; fileRef = 42134CC31A5E5CEB0009BDEE /* OTDeallocHandlerDemoTests.m */; };
		42134CD01A5E5D350009BDEE /* NSObject+OTDeallocHandler.m in Sources */ = {isa = PBXBuildFile; fileRef = 42134CCF1A5E5D350009BDEE /* NSObject+OTDeallocHandler.m */; };
/* End PBXBuildFile section */

/* Begin PBXContainerItemProxy section */
		42134CBE1A5E5CEB0009BDEE /* PBXContainerItemProxy */ = {
			isa = PBXContainerItemProxy;
			containerPortal = 42134C9C1A5E5CEB0009BDEE /* Project object */;
			proxyType = 1;
			remoteGlobalIDString = 42134CA31A5E5CEB0009BDEE;
			remoteInfo = OTDeallocHandlerDemo;
		};
/* End PBXContainerItemProxy section */

/* Begin PBXFileReference section */
		42134CA41A5E5CEB0009BDEE /* OTDeallocHandlerDemo.app */ = {isa = PBXFileReference; explicitFileType = wrapper.application; includeInIndex = 0; path = OTDeallocHandlerDemo.app; sourceTree = BUILT_PRODUCTS_DIR; };
		42134CA81A5E5CEB0009BDEE /* Info.plist */ = {isa = PBXFileReference; lastKnownFileType = text.plist.xml; path = Info.plist; sourceTree = "<group>"; };
		42134CA91A5E5CEB0009BDEE /* main.m */ = {isa = PBXFileReference; lastKnownFileType = sourcecode.c.objc; path = main.m; sourceTree = "<group>"; };
		42134CAB1A5E5CEB0009BDEE /* AppDelegate.h */ = {isa = PBXFileReference; lastKnownFileType = sourcecode.c.h; path = AppDelegate.h; sourceTree = "<group>"; };
		42134CAC1A5E5CEB0009BDEE /* AppDelegate.m */ = {isa = PBXFileReference; lastKnownFileType = sourcecode.c.objc; path = AppDelegate.m; sourceTree = "<group>"; };
		42134CAE1A5E5CEB0009BDEE /* ViewController.h */ = {isa = PBXFileReference; lastKnownFileType = sourcecode.c.h; path = ViewController.h; sourceTree = "<group>"; };
		42134CAF1A5E5CEB0009BDEE /* ViewController.m */ = {isa = PBXFileReference; lastKnownFileType = sourcecode.c.objc; path = ViewController.m; sourceTree = "<group>"; };
		42134CB21A5E5CEB0009BDEE /* Base */ = {isa = PBXFileReference; lastKnownFileType = file.storyboard; name = Base; path = Base.lproj/Main.storyboard; sourceTree = "<group>"; };
		42134CB41A5E5CEB0009BDEE /* Images.xcassets */ = {isa = PBXFileReference; lastKnownFileType = folder.assetcatalog; path = Images.xcassets; sourceTree = "<group>"; };
		42134CB71A5E5CEB0009BDEE /* Base */ = {isa = PBXFileReference; lastKnownFileType = file.xib; name = Base; path = Base.lproj/LaunchScreen.xib; sourceTree = "<group>"; };
		42134CBD1A5E5CEB0009BDEE /* OTDeallocHandlerDemoTests.xctest */ = {isa = PBXFileReference; explicitFileType = wrapper.cfbundle; includeInIndex = 0; path = OTDeallocHandlerDemoTests.xctest; sourceTree = BUILT_PRODUCTS_DIR; };
		42134CC21A5E5CEB0009BDEE /* Info.plist */ = {isa = PBXFileReference; lastKnownFileType = text.plist.xml; path = Info.plist; sourceTree = "<group>"; };
		42134CC31A5E5CEB0009BDEE /* OTDeallocHandlerDemoTests.m */ = {isa = PBXFileReference; lastKnownFileType = sourcecode.c.objc; path = OTDeallocHandlerDemoTests.m; sourceTree = "<group>"; };
		42134CCE1A5E5D350009BDEE /* NSObject+OTDeallocHandler.h */ = {isa = PBXFileReference; fileEncoding = 4; lastKnownFileType = sourcecode.c.h; path = "NSObject+OTDeallocHandler.h"; sourceTree = "<group>"; };
		42134CCF1A5E5D350009BDEE /* NSObject+OTDeallocHandler.m */ = {isa = PBXFileReference; fileEncoding = 4; lastKnownFileType = sourcecode.c.objc; path = "NSObject+OTDeallocHandler.m"; sourceTree = "<group>"; };
/* End PBXFileReference section */

/* Begin PBXFrameworksBuildPhase section */
		42134CA11A5E5CEB0009BDEE /* Frameworks */ = {
			isa = PBXFrameworksBuildPhase;
			buildActionMask = 2147483647;
			files = (
			);
			runOnlyForDeploymentPostprocessing = 0;
		};
		42134CBA1A5E5CEB0009BDEE /* Frameworks */ = {
			isa = PBXFrameworksBuildPhase;
			buildActionMask = 2147483647;
			files = (
			);
			runOnlyForDeploymentPostprocessing = 0;
		};
/* End PBXFrameworksBuildPhase section */

/* Begin PBXGroup section */
		42134C9B1A5E5CEB0009BDEE = {
			isa = PBXGroup;
			children = (
				42134CCD1A5E5D000009BDEE /* OTDeallocHandler */,
				42134CA61A5E5CEB0009BDEE /* OTDeallocHandlerDemo */,
				42134CC01A5E5CEB0009BDEE /* OTDeallocHandlerDemoTests */,
				42134CA51A5E5CEB0009BDEE /* Products */,
			);
			sourceTree = "<group>";
		};
		42134CA51A5E5CEB0009BDEE /* Products */ = {
			isa = PBXGroup;
			children = (
				42134CA41A5E5CEB0009BDEE /* OTDeallocHandlerDemo.app */,
				42134CBD1A5E5CEB0009BDEE /* OTDeallocHandlerDemoTests.xctest */,
			);
			name = Products;
			sourceTree = "<group>";
		};
		42134CA61A5E5CEB0009BDEE /* OTDeallocHandlerDemo */ = {
			isa = PBXGroup;
			children = (
				42134CAB1A5E5CEB0009BDEE /* AppDelegate.h */,
				42134CAC1A5E5CEB0009BDEE /* AppDelegate.m */,
				42134CAE1A5E5CEB0009BDEE /* ViewController.h */,
				42134CAF1A5E5CEB0009BDEE /* ViewController.m */,
				42134CB11A5E5CEB0009BDEE /* Main.storyboard */,
				42134CB41A5E5CEB0009BDEE /* Images.xcassets */,
				42134CB61A5E5CEB0009BDEE /* LaunchScreen.xib */,
				42134CA71A5E5CEB0009BDEE /* Supporting Files */,
			);
			path = OTDeallocHandlerDemo;
			sourceTree = "<group>";
		};
		42134CA71A5E5CEB0009BDEE /* Supporting Files */ = {
			isa = PBXGroup;
			children = (
				42134CA81A5E5CEB0009BDEE /* Info.plist */,
				42134CA91A5E5CEB0009BDEE /* main.m */,
			);
			name = "Supporting Files";
			sourceTree = "<group>";
		};
		42134CC01A5E5CEB0009BDEE /* OTDeallocHandlerDemoTests */ = {
			isa = PBXGroup;
			children = (
				42134CC31A5E5CEB0009BDEE /* OTDeallocHandlerDemoTests.m */,
				42134CC11A5E5CEB0009BDEE /* Supporting Files */,
			);
			path = OTDeallocHandlerDemoTests;
			sourceTree = "<group>";
		};
		42134CC11A5E5CEB0009BDEE /* Supporting Files */ = {
			isa = PBXGroup;
			children = (
				42134CC21A5E5CEB0009BDEE /* Info.plist */,
			);
			name = "Supporting Files";
			sourceTree = "<group>";
		};
		42134CCD1A5E5D000009BDEE /* OTDeallocHandler */ = {
			isa = PBXGroup;
			children = (
				42134CCE1A5E5D350009BDEE /* NSObject+OTDeallocHandler.h */,
				42134CCF1A5E5D350009BDEE /* NSObject+OTDeallocHandler.m */,
			);
			path = OTDeallocHandler;
			sourceTree = "<group>";
		};
/* End PBXGroup section */

/* Begin PBXNativeTarget section */
		42134CA31A5E5CEB0009BDEE /* OTDeallocHandlerDemo */ = {
			isa = PBXNativeTarget;
			buildConfigurationList = 42134CC71A5E5CEB0009BDEE /* Build configuration list for PBXNativeTarget "OTDeallocHandlerDemo" */;
			buildPhases = (
				42134CA01A5E5CEB0009BDEE /* Sources */,
				42134CA11A5E5CEB0009BDEE /* Frameworks */,
				42134CA21A5E5CEB0009BDEE /* Resources */,
			);
			buildRules = (
			);
			dependencies = (
			);
			name = OTDeallocHandlerDemo;
			productName = OTDeallocHandlerDemo;
			productReference = 42134CA41A5E5CEB0009BDEE /* OTDeallocHandlerDemo.app */;
			productType = "com.apple.product-type.application";
		};
		42134CBC1A5E5CEB0009BDEE /* OTDeallocHandlerDemoTests */ = {
			isa = PBXNativeTarget;
			buildConfigurationList = 42134CCA1A5E5CEB0009BDEE /* Build configuration list for PBXNativeTarget "OTDeallocHandlerDemoTests" */;
			buildPhases = (
				42134CB91A5E5CEB0009BDEE /* Sources */,
				42134CBA1A5E5CEB0009BDEE /* Frameworks */,
				42134CBB1A5E5CEB0009BDEE /* Resources */,
			);
			buildRules = (
			);
			dependencies = (
				42134CBF1A5E5CEB0009BDEE /* PBXTargetDependency */,
			);
			name = OTDeallocHandlerDemoTests;
			productName = OTDeallocHandlerDemoTests;
			productReference = 42134CBD1A5E5CEB0009BDEE /* OTDeallocHandlerDemoTests.xctest */;
			productType = "com.apple.product-type.bundle.unit-test";
		};
/* End PBXNativeTarget section */

/* Begin PBXProject section */
		42134C9C1A5E5CEB0009BDEE /* Project object */ = {
			isa = PBXProject;
			attributes = {
				LastUpgradeCheck = 0610;
				ORGANIZATIONNAME = "史江浩";
				TargetAttributes = {
					42134CA31A5E5CEB0009BDEE = {
						CreatedOnToolsVersion = 6.1;
					};
					42134CBC1A5E5CEB0009BDEE = {
						CreatedOnToolsVersion = 6.1;
						TestTargetID = 42134CA31A5E5CEB0009BDEE;
					};
				};
			};
			buildConfigurationList = 42134C9F1A5E5CEB0009BDEE /* Build configuration list for PBXProject "OTDeallocHandlerDemo" */;
			compatibilityVersion = "Xcode 3.2";
			developmentRegion = English;
			hasScannedForEncodings = 0;
			knownRegions = (
				en,
				Base,
			);
			mainGroup = 42134C9B1A5E5CEB0009BDEE;
			productRefGroup = 42134CA51A5E5CEB0009BDEE /* Products */;
			projectDirPath = "";
			projectRoot = "";
			targets = (
				42134CA31A5E5CEB0009BDEE /* OTDeallocHandlerDemo */,
				42134CBC1A5E5CEB0009BDEE /* OTDeallocHandlerDemoTests */,
			);
		};
/* End PBXProject section */

/* Begin PBXResourcesBuildPhase section */
		42134CA21A5E5CEB0009BDEE /* Resources */ = {
			isa = PBXResourcesBuildPhase;
			buildActionMask = 2147483647;
			files = (
				42134CB31A5E5CEB0009BDEE /* Main.storyboard in Resources */,
				42134CB81A5E5CEB0009BDEE /* LaunchScreen.xib in Resources */,
				42134CB51A5E5CEB0009BDEE /* Images.xcassets in Resources */,
			);
			runOnlyForDeploymentPostprocessing = 0;
		};
		42134CBB1A5E5CEB0009BDEE /* Resources */ = {
			isa = PBXResourcesBuildPhase;
			buildActionMask = 2147483647;
			files = (
			);
			runOnlyForDeploymentPostprocessing = 0;
		};
/* End PBXResourcesBuildPhase section */

/* Begin PBXSourcesBuildPhase section */
		42134CA01A5E5CEB0009BDEE /* Sources */ = {
			isa = PBXSourcesBuildPhase;
			buildActionMask = 2147483647;
			files = (
				42134CB01A5E5CEB0009BDEE /* ViewController.m in Sources */,
				42134CAD1A5E5CEB0009BDEE /* AppDelegate.m in Sources */,
				42134CD01A5E5D350009BDEE /* NSObject+OTDeallocHandler.m in Sources */,
				42134CAA1A5E5CEB0009BDEE /* main.m in Sources */,
			);
			runOnlyForDeploymentPostprocessing = 0;
		};
		42134CB91A5E5CEB0009BDEE /* Sources */ = {
			isa = PBXSourcesBuildPhase;
			buildActionMask = 2147483647;
			files = (
				42134CC41A5E5CEB0009BDEE /* OTDeallocHandlerDemoTests.m in Sources */,
			);
			runOnlyForDeploymentPostprocessing = 0;
		};
/* End PBXSourcesBuildPhase section */

/* Begin PBXTargetDependency section */
		42134CBF1A5E5CEB0009BDEE /* PBXTargetDependency */ = {
			isa = PBXTargetDependency;
			target = 42134CA31A5E5CEB0009BDEE /* OTDeallocHandlerDemo */;
			targetProxy = 42134CBE1A5E5CEB0009BDEE /* PBXContainerItemProxy */;
		};
/* End PBXTargetDependency section */

/* Begin PBXVariantGroup section */
		42134CB11A5E5CEB0009BDEE /* Main.storyboard */ = {
			isa = PBXVariantGroup;
			children = (
				42134CB21A5E5CEB0009BDEE /* Base */,
			);
			name = Main.storyboard;
			sourceTree = "<group>";
		};
		42134CB61A5E5CEB0009BDEE /* LaunchScreen.xib */ = {
			isa = PBXVariantGroup;
			children = (
				42134CB71A5E5CEB0009BDEE /* Base */,
			);
			name = LaunchScreen.xib;
			sourceTree = "<group>";
		};
/* End PBXVariantGroup section */

/* Begin XCBuildConfiguration section */
		42134CC51A5E5CEB0009BDEE /* Debug */ = {
			isa = XCBuildConfiguration;
			buildSettings = {
				ALWAYS_SEARCH_USER_PATHS = NO;
				CLANG_CXX_LANGUAGE_STANDARD = "gnu++0x";
				CLANG_CXX_LIBRARY = "libc++";
				CLANG_ENABLE_MODULES = YES;
				CLANG_ENABLE_OBJC_ARC = YES;
				CLANG_WARN_BOOL_CONVERSION = YES;
				CLANG_WARN_CONSTANT_CONVERSION = YES;
				CLANG_WARN_DIRECT_OBJC_ISA_USAGE = YES_ERROR;
				CLANG_WARN_EMPTY_BODY = YES;
				CLANG_WARN_ENUM_CONVERSION = YES;
				CLANG_WARN_INT_CONVERSION = YES;
				CLANG_WARN_OBJC_ROOT_CLASS = YES_ERROR;
				CLANG_WARN_UNREACHABLE_CODE = YES;
				CLANG_WARN__DUPLICATE_METHOD_MATCH = YES;
				"CODE_SIGN_IDENTITY[sdk=iphoneos*]" = "iPhone Developer";
				COPY_PHASE_STRIP = NO;
				ENABLE_STRICT_OBJC_MSGSEND = YES;
				GCC_C_LANGUAGE_STANDARD = gnu99;
				GCC_DYNAMIC_NO_PIC = NO;
				GCC_OPTIMIZATION_LEVEL = 0;
				GCC_PREPROCESSOR_DEFINITIONS = (
					"DEBUG=1",
					"$(inherited)",
				);
				GCC_SYMBOLS_PRIVATE_EXTERN = NO;
				GCC_WARN_64_TO_32_BIT_CONVERSION = YES;
				GCC_WARN_ABOUT_RETURN_TYPE = YES_ERROR;
				GCC_WARN_UNDECLARED_SELECTOR = YES;
				GCC_WARN_UNINITIALIZED_AUTOS = YES_AGGRESSIVE;
				GCC_WARN_UNUSED_FUNCTION = YES;
				GCC_WARN_UNUSED_VARIABLE = YES;
				IPHONEOS_DEPLOYMENT_TARGET = 8.1;
				MTL_ENABLE_DEBUG_INFO = YES;
				ONLY_ACTIVE_ARCH = YES;
				SDKROOT = iphoneos;
				TARGETED_DEVICE_FAMILY = "1,2";
			};
			name = Debug;
		};
		42134CC61A5E5CEB0009BDEE /* Release */ = {
			isa = XCBuildConfiguration;
			buildSettings = {
				ALWAYS_SEARCH_USER_PATHS = NO;
				CLANG_CXX_LANGUAGE_STANDARD = "gnu++0x";
				CLANG_CXX_LIBRARY = "libc++";
				CLANG_ENABLE_MODULES = YES;
				CLANG_ENABLE_OBJC_ARC = YES;
				CLANG_WARN_BOOL_CONVERSION = YES;
				CLANG_WARN_CONSTANT_CONVERSION = YES;
				CLANG_WARN_DIRECT_OBJC_ISA_USAGE = YES_ERROR;
				CLANG_WARN_EMPTY_BODY = YES;
				CLANG_WARN_ENUM_CONVERSION = YES;
				CLANG_WARN_INT_CONVERSION = YES;
				CLANG_WARN_OBJC_ROOT_CLASS = YES_ERROR;
				CLANG_WARN_UNREACHABLE_CODE = YES;
				CLANG_WARN__DUPLICATE_METHOD_MATCH = YES;
				"CODE_SIGN_IDENTITY[sdk=iphoneos*]" = "iPhone Developer";
				COPY_PHASE_STRIP = YES;
				ENABLE_NS_ASSERTIONS = NO;
				ENABLE_STRICT_OBJC_MSGSEND = YES;
				GCC_C_LANGUAGE_STANDARD = gnu99;
				GCC_WARN_64_TO_32_BIT_CONVERSION = YES;
				GCC_WARN_ABOUT_RETURN_TYPE = YES_ERROR;
				GCC_WARN_UNDECLARED_SELECTOR = YES;
				GCC_WARN_UNINITIALIZED_AUTOS = YES_AGGRESSIVE;
				GCC_WARN_UNUSED_FUNCTION = YES;
				GCC_WARN_UNUSED_VARIABLE = YES;
				IPHONEOS_DEPLOYMENT_TARGET = 8.1;
				MTL_ENABLE_DEBUG_INFO = NO;
				SDKROOT = iphoneos;
				TARGETED_DEVICE_FAMILY = "1,2";
				VALIDATE_PRODUCT = YES;
			};
			name = Release;
		};
		42134CC81A5E5CEB0009BDEE /* Debug */ = {
			isa = XCBuildConfiguration;
			buildSettings = {
				ASSETCATALOG_COMPILER_APPICON_NAME = AppIcon;
				INFOPLIST_FILE = OTDeallocHandlerDemo/Info.plist;
				LD_RUNPATH_SEARCH_PATHS = "$(inherited) @executable_path/Frameworks";
				PRODUCT_NAME = "$(TARGET_NAME)";
			};
			name = Debug;
		};
		42134CC91A5E5CEB0009BDEE /* Release */ = {
			isa = XCBuildConfiguration;
			buildSettings = {
				ASSETCATALOG_COMPILER_APPICON_NAME = AppIcon;
				INFOPLIST_FILE = OTDeallocHandlerDemo/Info.plist;
				LD_RUNPATH_SEARCH_PATHS = "$(inherited) @executable_path/Frameworks";
				PRODUCT_NAME = "$(TARGET_NAME)";
			};
			name = Release;
		};
		42134CCB1A5E5CEB0009BDEE /* Debug */ = {
			isa = XCBuildConfiguration;
			buildSettings = {
				BUNDLE_LOADER = "$(TEST_HOST)";
				FRAMEWORK_SEARCH_PATHS = (
					"$(SDKROOT)/Developer/Library/Frameworks",
					"$(inherited)",
				);
				GCC_PREPROCESSOR_DEFINITIONS = (
					"DEBUG=1",
					"$(inherited)",
				);
				INFOPLIST_FILE = OTDeallocHandlerDemoTests/Info.plist;
				LD_RUNPATH_SEARCH_PATHS = "$(inherited) @executable_path/Frameworks @loader_path/Frameworks";
				PRODUCT_NAME = "$(TARGET_NAME)";
				TEST_HOST = "$(BUILT_PRODUCTS_DIR)/OTDeallocHandlerDemo.app/OTDeallocHandlerDemo";
			};
			name = Debug;
		};
		42134CCC1A5E5CEB0009BDEE /* Release */ = {
			isa = XCBuildConfiguration;
			buildSettings = {
				BUNDLE_LOADER = "$(TEST_HOST)";
				FRAMEWORK_SEARCH_PATHS = (
					"$(SDKROOT)/Developer/Library/Frameworks",
					"$(inherited)",
				);
				INFOPLIST_FILE = OTDeallocHandlerDemoTests/Info.plist;
				LD_RUNPATH_SEARCH_PATHS = "$(inherited) @executable_path/Frameworks @loader_path/Frameworks";
				PRODUCT_NAME = "$(TARGET_NAME)";
				TEST_HOST = "$(BUILT_PRODUCTS_DIR)/OTDeallocHandlerDemo.app/OTDeallocHandlerDemo";
			};
			name = Release;
		};
/* End XCBuildConfiguration section */

/* Begin XCConfigurationList section */
		42134C9F1A5E5CEB0009BDEE /* Build configuration list for PBXProject "OTDeallocHandlerDemo" */ = {
			isa = XCConfigurationList;
			buildConfigurations = (
				42134CC51A5E5CEB0009BDEE /* Debug */,
				42134CC61A5E5CEB0009BDEE /* Release */,
			);
			defaultConfigurationIsVisible = 0;
			defaultConfigurationName = Release;
		};
		42134CC71A5E5CEB0009BDEE /* Build configuration list for PBXNativeTarget "OTDeallocHandlerDemo" */ = {
			isa = XCConfigurationList;
			buildConfigurations = (
				42134CC81A5E5CEB0009BDEE /* Debug */,
				42134CC91A5E5CEB0009BDEE /* Release */,
			);
			defaultConfigurationIsVisible = 0;
		};
		42134CCA1A5E5CEB0009BDEE /* Build configuration list for PBXNativeTarget "OTDeallocHandlerDemoTests" */ = {
			isa = XCConfigurationList;
			buildConfigurations = (
				42134CCB1A5E5CEB0009BDEE /* Debug */,
				42134CCC1A5E5CEB0009BDEE /* Release */,
			);
			defaultConfigurationIsVisible = 0;
		};
/* End XCConfigurationList section */
	};
	rootObject = 42134C9C1A5E5CEB0009BDEE /* Project object */;
}
